
Microsoft Visual Studio Solution File, Format Version 12.00
# Visual Studio Version 17
VisualStudioVersion = 17.11.35208.52
MinimumVisualStudioVersion = 10.0.40219.1
Project("{FAE04EC0-301F-11D3-BF4B-00C04F79EFBC}") = "MiAPP1", "MiAPP1\MiAPP1.csproj", "{4F99E57F-5647-4E49-8720-5746C8495D65}"
EndProject
Global
	GlobalSection(SolutionConfigurationPlatforms) = preSolution
		Debug|Any CPU = Debug|Any CPU
		Release|Any CPU = Release|Any CPU
	EndGlobalSection
	GlobalSection(ProjectConfigurationPlatforms) = postSolution
		{4F99E57F-5647-4E49-8720-5746C8495D65}.Debug|Any CPU.ActiveCfg = Debug|Any CPU
		{4F99E57F-5647-4E49-8720-5746C8495D65}.Debug|Any CPU.Build.0 = Debug|Any CPU
		{4F99E57F-5647-4E49-8720-5746C8495D65}.Release|Any CPU.ActiveCfg = Release|Any CPU
		{4F99E57F-5647-4E49-8720-5746C8495D65}.Release|Any CPU.Build.0 = Release|Any CPU
	EndGlobalSection
	GlobalSection(SolutionProperties) = preSolution
		HideSolutionNode = FALSE
	EndGlobalSection
	GlobalSection(ExtensibilityGlobals) = postSolution
		SolutionGuid = {BDEB2EEE-9118-488F-BA5A-115677B901DE}
	EndGlobalSection
EndGlobal
